// !$*UTF8*$!
{
	archiveVersion = 1;
	classes = {
	};
	objectVersion = 56;
	objects = {

/* Begin PBXBuildFile section */
		47DC5FFB28DEE3800093E01C /* UI_679App.swift in Sources */ = {isa = PBXBuildFile; fileRef = 47DC5FFA28DEE3800093E01C /* UI_679App.swift */; };
		47DC5FFD28DEE3800093E01C /* ContentView.swift in Sources */ = {isa = PBXBuildFile; fileRef = 47DC5FFC28DEE3800093E01C /* ContentView.swift */; };
		47DC5FFF28DEE3800093E01C /* Assets.xcassets in Resources */ = {isa = PBXBuildFile; fileRef = 47DC5FFE28DEE3800093E01C /* Assets.xcassets */; };
		47DC600228DEE3800093E01C /* Preview Assets.xcassets in Resources */ = {isa = PBXBuildFile; fileRef = 47DC600128DEE3800093E01C /* Preview Assets.xcassets */; };
		47DC600C28DEE3800093E01C /* UI_679Tests.swift in Sources */ = {isa = PBXBuildFile; fileRef = 47DC600B28DEE3800093E01C /* UI_679Tests.swift */; };
		47DC601628DEE3810093E01C /* UI_679UITests.swift in Sources */ = {isa = PBXBuildFile; fileRef = 47DC601528DEE3810093E01C /* UI_679UITests.swift */; };
		47DC601828DEE3810093E01C /* UI_679UITestsLaunchTests.swift in Sources */ = {isa = PBXBuildFile; fileRef = 47DC601728DEE3810093E01C /* UI_679UITestsLaunchTests.swift */; };
		47DC602628DEE3CB0093E01C /* Home.swift in Sources */ = {isa = PBXBuildFile; fileRef = 47DC602528DEE3CB0093E01C /* Home.swift */; };
/* End PBXBuildFile section */

/* Begin PBXContainerItemProxy section */
		47DC600828DEE3800093E01C /* PBXContainerItemProxy */ = {
			isa = PBXContainerItemProxy;
			containerPortal = 47DC5FEF28DEE37F0093E01C /* Project object */;
			proxyType = 1;
			remoteGlobalIDString = 47DC5FF628DEE3800093E01C;
			remoteInfo = "UI-679";
		};
		47DC601228DEE3810093E01C /* PBXContainerItemProxy */ = {
			isa = PBXContainerItemProxy;
			containerPortal = 47DC5FEF28DEE37F0093E01C /* Project object */;
			proxyType = 1;
			remoteGlobalIDString = 47DC5FF628DEE3800093E01C;
			remoteInfo = "UI-679";
		};
/* End PBXContainerItemProxy section */

/* Begin PBXFileReference section */
		47DC5FF728DEE3800093E01C /* UI-679.app */ = {isa = PBXFileReference; explicitFileType = wrapper.application; includeInIndex = 0; path = "UI-679.app"; sourceTree = BUILT_PRODUCTS_DIR; };
		47DC5FFA28DEE3800093E01C /* UI_679App.swift */ = {isa = PBXFileReference; lastKnownFileType = sourcecode.swift; path = UI_679App.swift; sourceTree = "<group>"; };
		47DC5FFC28DEE3800093E01C /* ContentView.swift */ = {isa = PBXFileReference; lastKnownFileType = sourcecode.swift; path = ContentView.swift; sourceTree = "<group>"; };
		47DC5FFE28DEE3800093E01C /* Assets.xcassets */ = {isa = PBXFileReference; lastKnownFileType = folder.assetcatalog; path = Assets.xcassets; sourceTree = "<group>"; };
		47DC600128DEE3800093E01C /* Preview Assets.xcassets */ = {isa = PBXFileReference; lastKnownFileType = folder.assetcatalog; path = "Preview Assets.xcassets"; sourceTree = "<group>"; };
		47DC600728DEE3800093E01C /* UI-679Tests.xctest */ = {isa = PBXFileReference; explicitFileType = wrapper.cfbundle; includeInIndex = 0; path = "UI-679Tests.xctest"; sourceTree = BUILT_PRODUCTS_DIR; };
		47DC600B28DEE3800093E01C /* UI_679Tests.swift */ = {isa = PBXFileReference; lastKnownFileType = sourcecode.swift; path = UI_679Tests.swift; sourceTree = "<group>"; };
		47DC601128DEE3810093E01C /* UI-679UITests.xctest */ = {isa = PBXFileReference; explicitFileType = wrapper.cfbundle; includeInIndex = 0; path = "UI-679UITests.xctest"; sourceTree = BUILT_PRODUCTS_DIR; };
		47DC601528DEE3810093E01C /* UI_679UITests.swift */ = {isa = PBXFileReference; lastKnownFileType = sourcecode.swift; path = UI_679UITests.swift; sourceTree = "<group>"; };
		47DC601728DEE3810093E01C /* UI_679UITestsLaunchTests.swift */ = {isa = PBXFileReference; lastKnownFileType = sourcecode.swift; path = UI_679UITestsLaunchTests.swift; sourceTree = "<group>"; };
		47DC602528DEE3CB0093E01C /* Home.swift */ = {isa = PBXFileReference; lastKnownFileType = sourcecode.swift; path = Home.swift; sourceTree = "<group>"; };
/* End PBXFileReference section */

/* Begin PBXFrameworksBuildPhase section */
		47DC5FF428DEE3800093E01C /* Frameworks */ = {
			isa = PBXFrameworksBuildPhase;
			buildActionMask = 2147483647;
			files = (
			);
			runOnlyForDeploymentPostprocessing = 0;
		};
		47DC600428DEE3800093E01C /* Frameworks */ = {
			isa = PBXFrameworksBuildPhase;
			buildActionMask = 2147483647;
			files = (
			);
			runOnlyForDeploymentPostprocessing = 0;
		};
		47DC600E28DEE3810093E01C /* Frameworks */ = {
			isa = PBXFrameworksBuildPhase;
			buildActionMask = 2147483647;
			files = (
			);
			runOnlyForDeploymentPostprocessing = 0;
		};
/* End PBXFrameworksBuildPhase section */

/* Begin PBXGroup section */
		47DC5FEE28DEE37F0093E01C = {
			isa = PBXGroup;
			children = (
				47DC5FF928DEE3800093E01C /* UI-679 */,
				47DC600A28DEE3800093E01C /* UI-679Tests */,
				47DC601428DEE3810093E01C /* UI-679UITests */,
				47DC5FF828DEE3800093E01C /* Products */,
			);
			sourceTree = "<group>";
		};
		47DC5FF828DEE3800093E01C /* Products */ = {
			isa = PBXGroup;
			children = (
				47DC5FF728DEE3800093E01C /* UI-679.app */,
				47DC600728DEE3800093E01C /* UI-679Tests.xctest */,
				47DC601128DEE3810093E01C /* UI-679UITests.xctest */,
			);
			name = Products;
			sourceTree = "<group>";
		};
		47DC5FF928DEE3800093E01C /* UI-679 */ = {
			isa = PBXGroup;
			children = (
				47DC602428DEE3C40093E01C /* View */,
				47DC5FFA28DEE3800093E01C /* UI_679App.swift */,
				47DC5FFC28DEE3800093E01C /* ContentView.swift */,
				47DC5FFE28DEE3800093E01C /* Assets.xcassets */,
				47DC600028DEE3800093E01C /* Preview Content */,
			);
			path = "UI-679";
			sourceTree = "<group>";
		};
		47DC600028DEE3800093E01C /* Preview Content */ = {
			isa = PBXGroup;
			children = (
				47DC600128DEE3800093E01C /* Preview Assets.xcassets */,
			);
			path = "Preview Content";
			sourceTree = "<group>";
		};
		47DC600A28DEE3800093E01C /* UI-679Tests */ = {
			isa = PBXGroup;
			children = (
				47DC600B28DEE3800093E01C /* UI_679Tests.swift */,
			);
			path = "UI-679Tests";
			sourceTree = "<group>";
		};
		47DC601428DEE3810093E01C /* UI-679UITests */ = {
			isa = PBXGroup;
			children = (
				47DC601528DEE3810093E01C /* UI_679UITests.swift */,
				47DC601728DEE3810093E01C /* UI_679UITestsLaunchTests.swift */,
			);
			path = "UI-679UITests";
			sourceTree = "<group>";
		};
		47DC602428DEE3C40093E01C /* View */ = {
			isa = PBXGroup;
			children = (
				47DC602528DEE3CB0093E01C /* Home.swift */,
			);
			path = View;
			sourceTree = "<group>";
		};
/* End PBXGroup section */

/* Begin PBXNativeTarget section */
		47DC5FF628DEE3800093E01C /* UI-679 */ = {
			isa = PBXNativeTarget;
			buildConfigurationList = 47DC601B28DEE3810093E01C /* Build configuration list for PBXNativeTarget "UI-679" */;
			buildPhases = (
				47DC5FF328DEE3800093E01C /* Sources */,
				47DC5FF428DEE3800093E01C /* Frameworks */,
				47DC5FF528DEE3800093E01C /* Resources */,
			);
			buildRules = (
			);
			dependencies = (
			);
			name = "UI-679";
			productName = "UI-679";
			productReference = 47DC5FF728DEE3800093E01C /* UI-679.app */;
			productType = "com.apple.product-type.application";
		};
		47DC600628DEE3800093E01C /* UI-679Tests */ = {
			isa = PBXNativeTarget;
			buildConfigurationList = 47DC601E28DEE3810093E01C /* Build configuration list for PBXNativeTarget "UI-679Tests" */;
			buildPhases = (
				47DC600328DEE3800093E01C /* Sources */,
				47DC600428DEE3800093E01C /* Frameworks */,
				47DC600528DEE3800093E01C /* Resources */,
			);
			buildRules = (
			);
			dependencies = (
				47DC600928DEE3800093E01C /* PBXTargetDependency */,
			);
			name = "UI-679Tests";
			productName = "UI-679Tests";
			productReference = 47DC600728DEE3800093E01C /* UI-679Tests.xctest */;
			productType = "com.apple.product-type.bundle.unit-test";
		};
		47DC601028DEE3810093E01C /* UI-679UITests */ = {
			isa = PBXNativeTarget;
			buildConfigurationList = 47DC602128DEE3810093E01C /* Build configuration list for PBXNativeTarget "UI-679UITests" */;
			buildPhases = (
				47DC600D28DEE3810093E01C /* Sources */,
				47DC600E28DEE3810093E01C /* Frameworks */,
				47DC600F28DEE3810093E01C /* Resources */,
			);
			buildRules = (
			);
			dependencies = (
				47DC601328DEE3810093E01C /* PBXTargetDependency */,
			);
			name = "UI-679UITests";
			productName = "UI-679UITests";
			productReference = 47DC601128DEE3810093E01C /* UI-679UITests.xctest */;
			productType = "com.apple.product-type.bundle.ui-testing";
		};
/* End PBXNativeTarget section */

/* Begin PBXProject section */
		47DC5FEF28DEE37F0093E01C /* Project object */ = {
			isa = PBXProject;
			attributes = {
				BuildIndependentTargetsInParallel = 1;
				LastSwiftUpdateCheck = 1410;
				LastUpgradeCheck = 1410;
				TargetAttributes = {
					47DC5FF628DEE3800093E01C = {
						CreatedOnToolsVersion = 14.1;
					};
					47DC600628DEE3800093E01C = {
						CreatedOnToolsVersion = 14.1;
						TestTargetID = 47DC5FF628DEE3800093E01C;
					};
					47DC601028DEE3810093E01C = {
						CreatedOnToolsVersion = 14.1;
						TestTargetID = 47DC5FF628DEE3800093E01C;
					};
				};
			};
			buildConfigurationList = 47DC5FF228DEE37F0093E01C /* Build configuration list for PBXProject "UI-679" */;
			compatibilityVersion = "Xcode 14.0";
			developmentRegion = en;
			hasScannedForEncodings = 0;
			knownRegions = (
				en,
				Base,
			);
			mainGroup = 47DC5FEE28DEE37F0093E01C;
			productRefGroup = 47DC5FF828DEE3800093E01C /* Products */;
			projectDirPath = "";
			projectRoot = "";
			targets = (
				47DC5FF628DEE3800093E01C /* UI-679 */,
				47DC600628DEE3800093E01C /* UI-679Tests */,
				47DC601028DEE3810093E01C /* UI-679UITests */,
			);
		};
/* End PBXProject section */

/* Begin PBXResourcesBuildPhase section */
		47DC5FF528DEE3800093E01C /* Resources */ = {
			isa = PBXResourcesBuildPhase;
			buildActionMask = 2147483647;
			files = (
				47DC600228DEE3800093E01C /* Preview Assets.xcassets in Resources */,
				47DC5FFF28DEE3800093E01C /* Assets.xcassets in Resources */,
			);
			runOnlyForDeploymentPostprocessing = 0;
		};
		47DC600528DEE3800093E01C /* Resources */ = {
			isa = PBXResourcesBuildPhase;
			buildActionMask = 2147483647;
			files = (
			);
			runOnlyForDeploymentPostprocessing = 0;
		};
		47DC600F28DEE3810093E01C /* Resources */ = {
			isa = PBXResourcesBuildPhase;
			buildActionMask = 2147483647;
			files = (
			);
			runOnlyForDeploymentPostprocessing = 0;
		};
/* End PBXResourcesBuildPhase section */

/* Begin PBXSourcesBuildPhase section */
		47DC5FF328DEE3800093E01C /* Sources */ = {
			isa = PBXSourcesBuildPhase;
			buildActionMask = 2147483647;
			files = (
				47DC5FFD28DEE3800093E01C /* ContentView.swift in Sources */,
				47DC602628DEE3CB0093E01C /* Home.swift in Sources */,
				47DC5FFB28DEE3800093E01C /* UI_679App.swift in Sources */,
			);
			runOnlyForDeploymentPostprocessing = 0;
		};
		47DC600328DEE3800093E01C /* Sources */ = {
			isa = PBXSourcesBuildPhase;
			buildActionMask = 2147483647;
			files = (
				47DC600C28DEE3800093E01C /* UI_679Tests.swift in Sources */,
			);
			runOnlyForDeploymentPostprocessing = 0;
		};
		47DC600D28DEE3810093E01C /* Sources */ = {
			isa = PBXSourcesBuildPhase;
			buildActionMask = 2147483647;
			files = (
				47DC601628DEE3810093E01C /* UI_679UITests.swift in Sources */,
				47DC601828DEE3810093E01C /* UI_679UITestsLaunchTests.swift in Sources */,
			);
			runOnlyForDeploymentPostprocessing = 0;
		};
/* End PBXSourcesBuildPhase section */

/* Begin PBXTargetDependency section */
		47DC600928DEE3800093E01C /* PBXTargetDependency */ = {
			isa = PBXTargetDependency;
			target = 47DC5FF628DEE3800093E01C /* UI-679 */;
			targetProxy = 47DC600828DEE3800093E01C /* PBXContainerItemProxy */;
		};
		47DC601328DEE3810093E01C /* PBXTargetDependency */ = {
			isa = PBXTargetDependency;
			target = 47DC5FF628DEE3800093E01C /* UI-679 */;
			targetProxy = 47DC601228DEE3810093E01C /* PBXContainerItemProxy */;
		};
/* End PBXTargetDependency section */

/* Begin XCBuildConfiguration section */
		47DC601928DEE3810093E01C /* Debug */ = {
			isa = XCBuildConfiguration;
			buildSettings = {
				ALWAYS_SEARCH_USER_PATHS = NO;
				CLANG_ANALYZER_NONNULL = YES;
				CLANG_ANALYZER_NUMBER_OBJECT_CONVERSION = YES_AGGRESSIVE;
				CLANG_CXX_LANGUAGE_STANDARD = "gnu++20";
				CLANG_ENABLE_MODULES = YES;
				CLANG_ENABLE_OBJC_ARC = YES;
				CLANG_ENABLE_OBJC_WEAK = YES;
				CLANG_WARN_BLOCK_CAPTURE_AUTORELEASING = YES;
				CLANG_WARN_BOOL_CONVERSION = YES;
				CLANG_WARN_COMMA = YES;
				CLANG_WARN_CONSTANT_CONVERSION = YES;
				CLANG_WARN_DEPRECATED_OBJC_IMPLEMENTATIONS = YES;
				CLANG_WARN_DIRECT_OBJC_ISA_USAGE = YES_ERROR;
				CLANG_WARN_DOCUMENTATION_COMMENTS = YES;
				CLANG_WARN_EMPTY_BODY = YES;
				CLANG_WARN_ENUM_CONVERSION = YES;
				CLANG_WARN_INFINITE_RECURSION = YES;
				CLANG_WARN_INT_CONVERSION = YES;
				CLANG_WARN_NON_LITERAL_NULL_CONVERSION = YES;
				CLANG_WARN_OBJC_IMPLICIT_RETAIN_SELF = YES;
				CLANG_WARN_OBJC_LITERAL_CONVERSION = YES;
				CLANG_WARN_OBJC_ROOT_CLASS = YES_ERROR;
				CLANG_WARN_QUOTED_INCLUDE_IN_FRAMEWORK_HEADER = YES;
				CLANG_WARN_RANGE_LOOP_ANALYSIS = YES;
				CLANG_WARN_STRICT_PROTOTYPES = YES;
				CLANG_WARN_SUSPICIOUS_MOVE = YES;
				CLANG_WARN_UNGUARDED_AVAILABILITY = YES_AGGRESSIVE;
				CLANG_WARN_UNREACHABLE_CODE = YES;
				CLANG_WARN__DUPLICATE_METHOD_MATCH = YES;
				COPY_PHASE_STRIP = NO;
				DEBUG_INFORMATION_FORMAT = dwarf;
				ENABLE_STRICT_OBJC_MSGSEND = YES;
				ENABLE_TESTABILITY = YES;
				GCC_C_LANGUAGE_STANDARD = gnu11;
				GCC_DYNAMIC_NO_PIC = NO;
				GCC_NO_COMMON_BLOCKS = YES;
				GCC_OPTIMIZATION_LEVEL = 0;
				GCC_PREPROCESSOR_DEFINITIONS = (
					"DEBUG=1",
					"$(inherited)",
				);
				GCC_WARN_64_TO_32_BIT_CONVERSION = YES;
				GCC_WARN_ABOUT_RETURN_TYPE = YES_ERROR;
				GCC_WARN_UNDECLARED_SELECTOR = YES;
				GCC_WARN_UNINITIALIZED_AUTOS = YES_AGGRESSIVE;
				GCC_WARN_UNUSED_FUNCTION = YES;
				GCC_WARN_UNUSED_VARIABLE = YES;
				IPHONEOS_DEPLOYMENT_TARGET = 16.1;
				MTL_ENABLE_DEBUG_INFO = INCLUDE_SOURCE;
				MTL_FAST_MATH = YES;
				ONLY_ACTIVE_ARCH = YES;
				SDKROOT = iphoneos;
				SWIFT_ACTIVE_COMPILATION_CONDITIONS = DEBUG;
				SWIFT_OPTIMIZATION_LEVEL = "-Onone";
			};
			name = Debug;
		};
		47DC601A28DEE3810093E01C /* Release */ = {
			isa = XCBuildConfiguration;
			buildSettings = {
				ALWAYS_SEARCH_USER_PATHS = NO;
				CLANG_ANALYZER_NONNULL = YES;
				CLANG_ANALYZER_NUMBER_OBJECT_CONVERSION = YES_AGGRESSIVE;
				CLANG_CXX_LANGUAGE_STANDARD = "gnu++20";
				CLANG_ENABLE_MODULES = YES;
				CLANG_ENABLE_OBJC_ARC = YES;
				CLANG_ENABLE_OBJC_WEAK = YES;
				CLANG_WARN_BLOCK_CAPTURE_AUTORELEASING = YES;
				CLANG_WARN_BOOL_CONVERSION = YES;
				CLANG_WARN_COMMA = YES;
				CLANG_WARN_CONSTANT_CONVERSION = YES;
				CLANG_WARN_DEPRECATED_OBJC_IMPLEMENTATIONS = YES;
				CLANG_WARN_DIRECT_OBJC_ISA_USAGE = YES_ERROR;
				CLANG_WARN_DOCUMENTATION_COMMENTS = YES;
				CLANG_WARN_EMPTY_BODY = YES;
				CLANG_WARN_ENUM_CONVERSION = YES;
				CLANG_WARN_INFINITE_RECURSION = YES;
				CLANG_WARN_INT_CONVERSION = YES;
				CLANG_WARN_NON_LITERAL_NULL_CONVERSION = YES;
				CLANG_WARN_OBJC_IMPLICIT_RETAIN_SELF = YES;
				CLANG_WARN_OBJC_LITERAL_CONVERSION = YES;
				CLANG_WARN_OBJC_ROOT_CLASS = YES_ERROR;
				CLANG_WARN_QUOTED_INCLUDE_IN_FRAMEWORK_HEADER = YES;
				CLANG_WARN_RANGE_LOOP_ANALYSIS = YES;
				CLANG_WARN_STRICT_PROTOTYPES = YES;
				CLANG_WARN_SUSPICIOUS_MOVE = YES;
				CLANG_WARN_UNGUARDED_AVAILABILITY = YES_AGGRESSIVE;
				CLANG_WARN_UNREACHABLE_CODE = YES;
				CLANG_WARN__DUPLICATE_METHOD_MATCH = YES;
				COPY_PHASE_STRIP = NO;
				DEBUG_INFORMATION_FORMAT = "dwarf-with-dsym";
				ENABLE_NS_ASSERTIONS = NO;
				ENABLE_STRICT_OBJC_MSGSEND = YES;
				GCC_C_LANGUAGE_STANDARD = gnu11;
				GCC_NO_COMMON_BLOCKS = YES;
				GCC_WARN_64_TO_32_BIT_CONVERSION = YES;
				GCC_WARN_ABOUT_RETURN_TYPE = YES_ERROR;
				GCC_WARN_UNDECLARED_SELECTOR = YES;
				GCC_WARN_UNINITIALIZED_AUTOS = YES_AGGRESSIVE;
				GCC_WARN_UNUSED_FUNCTION = YES;
				GCC_WARN_UNUSED_VARIABLE = YES;
				IPHONEOS_DEPLOYMENT_TARGET = 16.1;
				MTL_ENABLE_DEBUG_INFO = NO;
				MTL_FAST_MATH = YES;
				SDKROOT = iphoneos;
				SWIFT_COMPILATION_MODE = wholemodule;
				SWIFT_OPTIMIZATION_LEVEL = "-O";
				VALIDATE_PRODUCT = YES;
			};
			name = Release;
		};
		47DC601C28DEE3810093E01C /* Debug */ = {
			isa = XCBuildConfiguration;
			buildSettings = {
				ASSETCATALOG_COMPILER_APPICON_NAME = AppIcon;
				ASSETCATALOG_COMPILER_GLOBAL_ACCENT_COLOR_NAME = AccentColor;
				CODE_SIGN_STYLE = Automatic;
				CURRENT_PROJECT_VERSION = 1;
				DEVELOPMENT_ASSET_PATHS = "\"UI-679/Preview Content\"";
				DEVELOPMENT_TEAM = 8CL4U468K5;
				ENABLE_PREVIEWS = YES;
				GENERATE_INFOPLIST_FILE = YES;
				INFOPLIST_KEY_UIApplicationSceneManifest_Generation = YES;
				INFOPLIST_KEY_UIApplicationSupportsIndirectInputEvents = YES;
				INFOPLIST_KEY_UILaunchScreen_Generation = YES;
				INFOPLIST_KEY_UISupportedInterfaceOrientations_iPad = "UIInterfaceOrientationPortrait UIInterfaceOrientationPortraitUpsideDown UIInterfaceOrientationLandscapeLeft UIInterfaceOrientationLandscapeRight";
				INFOPLIST_KEY_UISupportedInterfaceOrientations_iPhone = "UIInterfaceOrientationPortrait UIInterfaceOrientationLandscapeLeft UIInterfaceOrientationLandscapeRight";
				LD_RUNPATH_SEARCH_PATHS = (
					"$(inherited)",
					"@executable_path/Frameworks",
				);
				MARKETING_VERSION = 1.0;
				PRODUCT_BUNDLE_IDENTIFIER = "com.585.UI-679";
				PRODUCT_NAME = "$(TARGET_NAME)";
				SWIFT_EMIT_LOC_STRINGS = YES;
				SWIFT_VERSION = 5.0;
				TARGETED_DEVICE_FAMILY = "1,2";
			};
			name = Debug;
		};
		47DC601D28DEE3810093E01C /* Release */ = {
			isa = XCBuildConfiguration;
			buildSettings = {
				ASSETCATALOG_COMPILER_APPICON_NAME = AppIcon;
				ASSETCATALOG_COMPILER_GLOBAL_ACCENT_COLOR_NAME = AccentColor;
				CODE_SIGN_STYLE = Automatic;
				CURRENT_PROJECT_VERSION = 1;
				DEVELOPMENT_ASSET_PATHS = "\"UI-679/Preview Content\"";
				DEVELOPMENT_TEAM = 8CL4U468K5;
				ENABLE_PREVIEWS = YES;
				GENERATE_INFOPLIST_FILE = YES;
				INFOPLIST_KEY_UIApplicationSceneManifest_Generation = YES;
				INFOPLIST_KEY_UIApplicationSupportsIndirectInputEvents = YES;
				INFOPLIST_KEY_UILaunchScreen_Generation = YES;
				INFOPLIST_KEY_UISupportedInterfaceOrientations_iPad = "UIInterfaceOrientationPortrait UIInterfaceOrientationPortraitUpsideDown UIInterfaceOrientationLandscapeLeft UIInterfaceOrientationLandscapeRight";
				INFOPLIST_KEY_UISupportedInterfaceOrientations_iPhone = "UIInterfaceOrientationPortrait UIInterfaceOrientationLandscapeLeft UIInterfaceOrientationLandscapeRight";
				LD_RUNPATH_SEARCH_PATHS = (
					"$(inherited)",
					"@executable_path/Frameworks",
				);
				MARKETING_VERSION = 1.0;
				PRODUCT_BUNDLE_IDENTIFIER = "com.585.UI-679";
				PRODUCT_NAME = "$(TARGET_NAME)";
				SWIFT_EMIT_LOC_STRINGS = YES;
				SWIFT_VERSION = 5.0;
				TARGETED_DEVICE_FAMILY = "1,2";
			};
			name = Release;
		};
		47DC601F28DEE3810093E01C /* Debug */ = {
			isa = XCBuildConfiguration;
			buildSettings = {
				ALWAYS_EMBED_SWIFT_STANDARD_LIBRARIES = YES;
				BUNDLE_LOADER = "$(TEST_HOST)";
				CODE_SIGN_STYLE = Automatic;
				CURRENT_PROJECT_VERSION = 1;
				DEVELOPMENT_TEAM = 8CL4U468K5;
				GENERATE_INFOPLIST_FILE = YES;
				IPHONEOS_DEPLOYMENT_TARGET = 16.1;
				MARKETING_VERSION = 1.0;
				PRODUCT_BUNDLE_IDENTIFIER = "com.585.UI-679Tests";
				PRODUCT_NAME = "$(TARGET_NAME)";
				SWIFT_EMIT_LOC_STRINGS = NO;
				SWIFT_VERSION = 5.0;
				TARGETED_DEVICE_FAMILY = "1,2";
				TEST_HOST = "$(BUILT_PRODUCTS_DIR)/UI-679.app/$(BUNDLE_EXECUTABLE_FOLDER_PATH)/UI-679";
			};
			name = Debug;
		};
		47DC602028DEE3810093E01C /* Release */ = {
			isa = XCBuildConfiguration;
			buildSettings = {
				ALWAYS_EMBED_SWIFT_STANDARD_LIBRARIES = YES;
				BUNDLE_LOADER = "$(TEST_HOST)";
				CODE_SIGN_STYLE = Automatic;
				CURRENT_PROJECT_VERSION = 1;
				DEVELOPMENT_TEAM = 8CL4U468K5;
				GENERATE_INFOPLIST_FILE = YES;
				IPHONEOS_DEPLOYMENT_TARGET = 16.1;
				MARKETING_VERSION = 1.0;
				PRODUCT_BUNDLE_IDENTIFIER = "com.585.UI-679Tests";
				PRODUCT_NAME = "$(TARGET_NAME)";
				SWIFT_EMIT_LOC_STRINGS = NO;
				SWIFT_VERSION = 5.0;
				TARGETED_DEVICE_FAMILY = "1,2";
				TEST_HOST = "$(BUILT_PRODUCTS_DIR)/UI-679.app/$(BUNDLE_EXECUTABLE_FOLDER_PATH)/UI-679";
			};
			name = Release;
		};
		47DC602228DEE3810093E01C /* Debug */ = {
			isa = XCBuildConfiguration;
			buildSettings = {
				ALWAYS_EMBED_SWIFT_STANDARD_LIBRARIES = YES;
				CODE_SIGN_STYLE = Automatic;
				CURRENT_PROJECT_VERSION = 1;
				DEVELOPMENT_TEAM = 8CL4U468K5;
				GENERATE_INFOPLIST_FILE = YES;
				MARKETING_VERSION = 1.0;
				PRODUCT_BUNDLE_IDENTIFIER = "com.585.UI-679UITests";
				PRODUCT_NAME = "$(TARGET_NAME)";
				SWIFT_EMIT_LOC_STRINGS = NO;
				SWIFT_VERSION = 5.0;
				TARGETED_DEVICE_FAMILY = "1,2";
				TEST_TARGET_NAME = "UI-679";
			};
			name = Debug;
		};
		47DC602328DEE3810093E01C /* Release */ = {
			isa = XCBuildConfiguration;
			buildSettings = {
				ALWAYS_EMBED_SWIFT_STANDARD_LIBRARIES = YES;
				CODE_SIGN_STYLE = Automatic;
				CURRENT_PROJECT_VERSION = 1;
				DEVELOPMENT_TEAM = 8CL4U468K5;
				GENERATE_INFOPLIST_FILE = YES;
				MARKETING_VERSION = 1.0;
				PRODUCT_BUNDLE_IDENTIFIER = "com.585.UI-679UITests";
				PRODUCT_NAME = "$(TARGET_NAME)";
				SWIFT_EMIT_LOC_STRINGS = NO;
				SWIFT_VERSION = 5.0;
				TARGETED_DEVICE_FAMILY = "1,2";
				TEST_TARGET_NAME = "UI-679";
			};
			name = Release;
		};
/* End XCBuildConfiguration section */

/* Begin XCConfigurationList section */
		47DC5FF228DEE37F0093E01C /* Build configuration list for PBXProject "UI-679" */ = {
			isa = XCConfigurationList;
			buildConfigurations = (
				47DC601928DEE3810093E01C /* Debug */,
				47DC601A28DEE3810093E01C /* Release */,
			);
			defaultConfigurationIsVisible = 0;
			defaultConfigurationName = Release;
		};
		47DC601B28DEE3810093E01C /* Build configuration list for PBXNativeTarget "UI-679" */ = {
			isa = XCConfigurationList;
			buildConfigurations = (
				47DC601C28DEE3810093E01C /* Debug */,
				47DC601D28DEE3810093E01C /* Release */,
			);
			defaultConfigurationIsVisible = 0;
			defaultConfigurationName = Release;
		};
		47DC601E28DEE3810093E01C /* Build configuration list for PBXNativeTarget "UI-679Tests" */ = {
			isa = XCConfigurationList;
			buildConfigurations = (
				47DC601F28DEE3810093E01C /* Debug */,
				47DC602028DEE3810093E01C /* Release */,
			);
			defaultConfigurationIsVisible = 0;
			defaultConfigurationName = Release;
		};
		47DC602128DEE3810093E01C /* Build configuration list for PBXNativeTarget "UI-679UITests" */ = {
			isa = XCConfigurationList;
			buildConfigurations = (
				47DC602228DEE3810093E01C /* Debug */,
				47DC602328DEE3810093E01C /* Release */,
			);
			defaultConfigurationIsVisible = 0;
			defaultConfigurationName = Release;
		};
/* End XCConfigurationList section */
	};
	rootObject = 47DC5FEF28DEE37F0093E01C /* Project object */;
}
